// !$*UTF8*$!
{
	archiveVersion = 1;
	classes = {
	};
	objectVersion = 46;
	objects = {

/* Begin PBXBuildFile section */
		9825E7911A810FB100DF1E64 /* AppDelegate.swift in Sources */ = {isa = PBXBuildFile; fileRef = 9825E7901A810FB100DF1E64 /* AppDelegate.swift */; };
		9825E7931A810FB100DF1E64 /* LoginViewController.swift in Sources */ = {isa = PBXBuildFile; fileRef = 9825E7921A810FB100DF1E64 /* LoginViewController.swift */; };
		9825E7961A810FB100DF1E64 /* Main.storyboard in Resources */ = {isa = PBXBuildFile; fileRef = 9825E7941A810FB100DF1E64 /* Main.storyboard */; };
		9825E7981A810FB100DF1E64 /* Images.xcassets in Resources */ = {isa = PBXBuildFile; fileRef = 9825E7971A810FB100DF1E64 /* Images.xcassets */; };
		9825E79B1A810FB100DF1E64 /* LaunchScreen.xib in Resources */ = {isa = PBXBuildFile; fileRef = 9825E7991A810FB100DF1E64 /* LaunchScreen.xib */; };
		9825E7A71A810FB100DF1E64 /* Sit_FitTests.swift in Sources */ = {isa = PBXBuildFile; fileRef = 9825E7A61A810FB100DF1E64 /* Sit_FitTests.swift */; };
		9825E7B41A81177400DF1E64 /* NewSeat.storyboard in Resources */ = {isa = PBXBuildFile; fileRef = 9825E7B21A81177400DF1E64 /* NewSeat.storyboard */; };
		9825E7B81A81310300DF1E64 /* FeedTableViewController.swift in Sources */ = {isa = PBXBuildFile; fileRef = 9825E7B71A81310300DF1E64 /* FeedTableViewController.swift */; };
		9825E7BA1A81315000DF1E64 /* MyFeedTableViewController.swift in Sources */ = {isa = PBXBuildFile; fileRef = 9825E7B91A81315000DF1E64 /* MyFeedTableViewController.swift */; };
		9825E7BC1A81520A00DF1E64 /* NewSeatViewController.swift in Sources */ = {isa = PBXBuildFile; fileRef = 9825E7BB1A81520A00DF1E64 /* NewSeatViewController.swift */; };
		9825E7C31A81547B00DF1E64 /* Bolts.framework in Frameworks */ = {isa = PBXBuildFile; fileRef = 9825E7BE1A81547B00DF1E64 /* Bolts.framework */; };
		9825E7C51A81547B00DF1E64 /* ParseCrashReporting.framework in Frameworks */ = {isa = PBXBuildFile; fileRef = 9825E7C01A81547B00DF1E64 /* ParseCrashReporting.framework */; };
		9825E7C61A81547B00DF1E64 /* ParseFacebookUtils.framework in Frameworks */ = {isa = PBXBuildFile; fileRef = 9825E7C11A81547B00DF1E64 /* ParseFacebookUtils.framework */; };
		98343D721A83B410006A4CCA /* FeedCell.swift in Sources */ = {isa = PBXBuildFile; fileRef = 98343D711A83B410006A4CCA /* FeedCell.swift */; };
		98343D751A83CF3D006A4CCA /* FourSquareRequest.swift in Sources */ = {isa = PBXBuildFile; fileRef = 98343D741A83CF3D006A4CCA /* FourSquareRequest.swift */; };
		98343D781A83CFAF006A4CCA /* VenuesTableViewController.swift in Sources */ = {isa = PBXBuildFile; fileRef = 98343D771A83CFAF006A4CCA /* VenuesTableViewController.swift */; };
		98427E901ABA0ACA0094E3BA /* Parse.framework in Frameworks */ = {isa = PBXBuildFile; fileRef = 9825E7BF1A81547B00DF1E64 /* Parse.framework */; };
		98445FA81A83FB1400B4146B /* MapViewController.swift in Sources */ = {isa = PBXBuildFile; fileRef = 98445FA71A83FB1400B4146B /* MapViewController.swift */; };
		98445FAC1A85063900B4146B /* ArrowButton.swift in Sources */ = {isa = PBXBuildFile; fileRef = 98445FAB1A85063900B4146B /* ArrowButton.swift */; };
		98445FAE1A85169600B4146B /* SeatDetailViewController.swift in Sources */ = {isa = PBXBuildFile; fileRef = 98445FAD1A85169600B4146B /* SeatDetailViewController.swift */; };
		988FE2941A81571600AA81F9 /* AudioToolbox.framework in Frameworks */ = {isa = PBXBuildFile; fileRef = 988FE2931A81571600AA81F9 /* AudioToolbox.framework */; };
		988FE2981A81574800AA81F9 /* MobileCoreServices.framework in Frameworks */ = {isa = PBXBuildFile; fileRef = 988FE2971A81574800AA81F9 /* MobileCoreServices.framework */; };
		988FE29A1A81575D00AA81F9 /* SystemConfiguration.framework in Frameworks */ = {isa = PBXBuildFile; fileRef = 988FE2991A81575D00AA81F9 /* SystemConfiguration.framework */; };
		988FE29C1A81577800AA81F9 /* libsqlite3.dylib in Frameworks */ = {isa = PBXBuildFile; fileRef = 988FE29B1A81577800AA81F9 /* libsqlite3.dylib */; };
		988FE29F1A815B7700AA81F9 /* FeedData.swift in Sources */ = {isa = PBXBuildFile; fileRef = 988FE29E1A815B7700AA81F9 /* FeedData.swift */; };
		98CC3D941AD067BA0099D156 /* ParseUI.framework in Frameworks */ = {isa = PBXBuildFile; fileRef = 9825E7C21A81547B00DF1E64 /* ParseUI.framework */; };
/* End PBXBuildFile section */

/* Begin PBXContainerItemProxy section */
		9825E7A11A810FB100DF1E64 /* PBXContainerItemProxy */ = {
			isa = PBXContainerItemProxy;
			containerPortal = 9825E7831A810FB100DF1E64 /* Project object */;
			proxyType = 1;
			remoteGlobalIDString = 9825E78A1A810FB100DF1E64;
			remoteInfo = "Sit Fit";
		};
/* End PBXContainerItemProxy section */

/* Begin PBXFileReference section */
		9825E78B1A810FB100DF1E64 /* Sit Fit.app */ = {isa = PBXFileReference; explicitFileType = wrapper.application; includeInIndex = 0; path = "Sit Fit.app"; sourceTree = BUILT_PRODUCTS_DIR; };
		9825E78F1A810FB100DF1E64 /* Info.plist */ = {isa = PBXFileReference; lastKnownFileType = text.plist.xml; path = Info.plist; sourceTree = "<group>"; };
		9825E7901A810FB100DF1E64 /* AppDelegate.swift */ = {isa = PBXFileReference; lastKnownFileType = sourcecode.swift; path = AppDelegate.swift; sourceTree = "<group>"; };
		9825E7921A810FB100DF1E64 /* LoginViewController.swift */ = {isa = PBXFileReference; lastKnownFileType = sourcecode.swift; path = LoginViewController.swift; sourceTree = "<group>"; };
		9825E7951A810FB100DF1E64 /* Base */ = {isa = PBXFileReference; lastKnownFileType = file.storyboard; name = Base; path = Base.lproj/Main.storyboard; sourceTree = "<group>"; };
		9825E7971A810FB100DF1E64 /* Images.xcassets */ = {isa = PBXFileReference; lastKnownFileType = folder.assetcatalog; path = Images.xcassets; sourceTree = "<group>"; };
		9825E79A1A810FB100DF1E64 /* Base */ = {isa = PBXFileReference; lastKnownFileType = file.xib; name = Base; path = Base.lproj/LaunchScreen.xib; sourceTree = "<group>"; };
		9825E7A01A810FB100DF1E64 /* Sit FitTests.xctest */ = {isa = PBXFileReference; explicitFileType = wrapper.cfbundle; includeInIndex = 0; path = "Sit FitTests.xctest"; sourceTree = BUILT_PRODUCTS_DIR; };
		9825E7A51A810FB100DF1E64 /* Info.plist */ = {isa = PBXFileReference; lastKnownFileType = text.plist.xml; path = Info.plist; sourceTree = "<group>"; };
		9825E7A61A810FB100DF1E64 /* Sit_FitTests.swift */ = {isa = PBXFileReference; lastKnownFileType = sourcecode.swift; path = Sit_FitTests.swift; sourceTree = "<group>"; };
		9825E7B01A81116700DF1E64 /* Architecture.md */ = {isa = PBXFileReference; fileEncoding = 4; lastKnownFileType = net.daringfireball.markdown; path = Architecture.md; sourceTree = "<group>"; };
		9825E7B31A81177400DF1E64 /* Base */ = {isa = PBXFileReference; lastKnownFileType = file.storyboard; name = Base; path = Base.lproj/NewSeat.storyboard; sourceTree = "<group>"; };
		9825E7B71A81310300DF1E64 /* FeedTableViewController.swift */ = {isa = PBXFileReference; fileEncoding = 4; lastKnownFileType = sourcecode.swift; path = FeedTableViewController.swift; sourceTree = "<group>"; };
		9825E7B91A81315000DF1E64 /* MyFeedTableViewController.swift */ = {isa = PBXFileReference; fileEncoding = 4; lastKnownFileType = sourcecode.swift; path = MyFeedTableViewController.swift; sourceTree = "<group>"; };
		9825E7BB1A81520A00DF1E64 /* NewSeatViewController.swift */ = {isa = PBXFileReference; fileEncoding = 4; lastKnownFileType = sourcecode.swift; path = NewSeatViewController.swift; sourceTree = "<group>"; };
		9825E7BE1A81547B00DF1E64 /* Bolts.framework */ = {isa = PBXFileReference; lastKnownFileType = wrapper.framework; path = Bolts.framework; sourceTree = "<group>"; };
		9825E7BF1A81547B00DF1E64 /* Parse.framework */ = {isa = PBXFileReference; lastKnownFileType = wrapper.framework; path = Parse.framework; sourceTree = "<group>"; };
		9825E7C01A81547B00DF1E64 /* ParseCrashReporting.framework */ = {isa = PBXFileReference; lastKnownFileType = wrapper.framework; path = ParseCrashReporting.framework; sourceTree = "<group>"; };
		9825E7C11A81547B00DF1E64 /* ParseFacebookUtils.framework */ = {isa = PBXFileReference; lastKnownFileType = wrapper.framework; path = ParseFacebookUtils.framework; sourceTree = "<group>"; };
		9825E7C21A81547B00DF1E64 /* ParseUI.framework */ = {isa = PBXFileReference; lastKnownFileType = wrapper.framework; path = ParseUI.framework; sourceTree = "<group>"; };
		9825E7C81A8154FA00DF1E64 /* Sit Fit-Bridging-Header.h */ = {isa = PBXFileReference; lastKnownFileType = sourcecode.c.h; path = "Sit Fit-Bridging-Header.h"; sourceTree = "<group>"; };
		98343D711A83B410006A4CCA /* FeedCell.swift */ = {isa = PBXFileReference; fileEncoding = 4; lastKnownFileType = sourcecode.swift; path = FeedCell.swift; sourceTree = "<group>"; };
		98343D741A83CF3D006A4CCA /* FourSquareRequest.swift */ = {isa = PBXFileReference; fileEncoding = 4; lastKnownFileType = sourcecode.swift; path = FourSquareRequest.swift; sourceTree = "<group>"; };
		98343D771A83CFAF006A4CCA /* VenuesTableViewController.swift */ = {isa = PBXFileReference; fileEncoding = 4; lastKnownFileType = sourcecode.swift; path = VenuesTableViewController.swift; sourceTree = "<group>"; };
		98445FA71A83FB1400B4146B /* MapViewController.swift */ = {isa = PBXFileReference; fileEncoding = 4; lastKnownFileType = sourcecode.swift; path = MapViewController.swift; sourceTree = "<group>"; };
		98445FAB1A85063900B4146B /* ArrowButton.swift */ = {isa = PBXFileReference; fileEncoding = 4; lastKnownFileType = sourcecode.swift; path = ArrowButton.swift; sourceTree = "<group>"; };
		98445FAD1A85169600B4146B /* SeatDetailViewController.swift */ = {isa = PBXFileReference; fileEncoding = 4; lastKnownFileType = sourcecode.swift; path = SeatDetailViewController.swift; sourceTree = "<group>"; };
		988FE2931A81571600AA81F9 /* AudioToolbox.framework */ = {isa = PBXFileReference; lastKnownFileType = wrapper.framework; name = AudioToolbox.framework; path = System/Library/Frameworks/AudioToolbox.framework; sourceTree = SDKROOT; };
		988FE2951A81572900AA81F9 /* CFNetwork.framework */ = {isa = PBXFileReference; lastKnownFileType = wrapper.framework; name = CFNetwork.framework; path = System/Library/Frameworks/CFNetwork.framework; sourceTree = SDKROOT; };
		988FE2971A81574800AA81F9 /* MobileCoreServices.framework */ = {isa = PBXFileReference; lastKnownFileType = wrapper.framework; name = MobileCoreServices.framework; path = System/Library/Frameworks/MobileCoreServices.framework; sourceTree = SDKROOT; };
		988FE2991A81575D00AA81F9 /* SystemConfiguration.framework */ = {isa = PBXFileReference; lastKnownFileType = wrapper.framework; name = SystemConfiguration.framework; path = System/Library/Frameworks/SystemConfiguration.framework; sourceTree = SDKROOT; };
		988FE29B1A81577800AA81F9 /* libsqlite3.dylib */ = {isa = PBXFileReference; lastKnownFileType = "compiled.mach-o.dylib"; name = libsqlite3.dylib; path = usr/lib/libsqlite3.dylib; sourceTree = SDKROOT; };
		988FE29E1A815B7700AA81F9 /* FeedData.swift */ = {isa = PBXFileReference; fileEncoding = 4; lastKnownFileType = sourcecode.swift; path = FeedData.swift; sourceTree = "<group>"; };
/* End PBXFileReference section */

/* Begin PBXFrameworksBuildPhase section */
		9825E7881A810FB100DF1E64 /* Frameworks */ = {
			isa = PBXFrameworksBuildPhase;
			buildActionMask = 2147483647;
			files = (
				98CC3D941AD067BA0099D156 /* ParseUI.framework in Frameworks */,
				988FE29C1A81577800AA81F9 /* libsqlite3.dylib in Frameworks */,
				98427E901ABA0ACA0094E3BA /* Parse.framework in Frameworks */,
				988FE29A1A81575D00AA81F9 /* SystemConfiguration.framework in Frameworks */,
				988FE2981A81574800AA81F9 /* MobileCoreServices.framework in Frameworks */,
				988FE2941A81571600AA81F9 /* AudioToolbox.framework in Frameworks */,
				9825E7C51A81547B00DF1E64 /* ParseCrashReporting.framework in Frameworks */,
				9825E7C61A81547B00DF1E64 /* ParseFacebookUtils.framework in Frameworks */,
				9825E7C31A81547B00DF1E64 /* Bolts.framework in Frameworks */,
			);
			runOnlyForDeploymentPostprocessing = 0;
		};
		9825E79D1A810FB100DF1E64 /* Frameworks */ = {
			isa = PBXFrameworksBuildPhase;
			buildActionMask = 2147483647;
			files = (
			);
			runOnlyForDeploymentPostprocessing = 0;
		};
/* End PBXFrameworksBuildPhase section */

/* Begin PBXGroup section */
		9825E7821A810FB100DF1E64 = {
			isa = PBXGroup;
			children = (
				9825E78D1A810FB100DF1E64 /* Sit Fit */,
				9825E7A31A810FB100DF1E64 /* Sit FitTests */,
				9825E78C1A810FB100DF1E64 /* Products */,
				9825E7BD1A81543500DF1E64 /* Frameworks */,
			);
			sourceTree = "<group>";
		};
		9825E78C1A810FB100DF1E64 /* Products */ = {
			isa = PBXGroup;
			children = (
				9825E78B1A810FB100DF1E64 /* Sit Fit.app */,
				9825E7A01A810FB100DF1E64 /* Sit FitTests.xctest */,
			);
			name = Products;
			sourceTree = "<group>";
		};
		9825E78D1A810FB100DF1E64 /* Sit Fit */ = {
			isa = PBXGroup;
			children = (
				98445FAA1A85060B00B4146B /* IBViews */,
				988FE29D1A815B1600AA81F9 /* Models */,
				9825E7B51A81307300DF1E64 /* Main Feeds & Login */,
				9825E78E1A810FB100DF1E64 /* Supporting Files */,
				9825E7B01A81116700DF1E64 /* Architecture.md */,
				9825E7C81A8154FA00DF1E64 /* Sit Fit-Bridging-Header.h */,
			);
			path = "Sit Fit";
			sourceTree = "<group>";
		};
		9825E78E1A810FB100DF1E64 /* Supporting Files */ = {
			isa = PBXGroup;
			children = (
				9825E7901A810FB100DF1E64 /* AppDelegate.swift */,
				9825E7971A810FB100DF1E64 /* Images.xcassets */,
				9825E7991A810FB100DF1E64 /* LaunchScreen.xib */,
				9825E78F1A810FB100DF1E64 /* Info.plist */,
			);
			name = "Supporting Files";
			sourceTree = "<group>";
		};
		9825E7A31A810FB100DF1E64 /* Sit FitTests */ = {
			isa = PBXGroup;
			children = (
				9825E7A61A810FB100DF1E64 /* Sit_FitTests.swift */,
				9825E7A41A810FB100DF1E64 /* Supporting Files */,
			);
			path = "Sit FitTests";
			sourceTree = "<group>";
		};
		9825E7A41A810FB100DF1E64 /* Supporting Files */ = {
			isa = PBXGroup;
			children = (
				9825E7A51A810FB100DF1E64 /* Info.plist */,
			);
			name = "Supporting Files";
			sourceTree = "<group>";
		};
		9825E7B51A81307300DF1E64 /* Main Feeds & Login */ = {
			isa = PBXGroup;
			children = (
				9825E7941A810FB100DF1E64 /* Main.storyboard */,
				9825E7921A810FB100DF1E64 /* LoginViewController.swift */,
				9825E7B71A81310300DF1E64 /* FeedTableViewController.swift */,
				9825E7B91A81315000DF1E64 /* MyFeedTableViewController.swift */,
				98343D711A83B410006A4CCA /* FeedCell.swift */,
				98445FA71A83FB1400B4146B /* MapViewController.swift */,
				98445FAD1A85169600B4146B /* SeatDetailViewController.swift */,
				9825E7B61A81309A00DF1E64 /* New Seat */,
			);
			name = "Main Feeds & Login";
			sourceTree = "<group>";
		};
		9825E7B61A81309A00DF1E64 /* New Seat */ = {
			isa = PBXGroup;
			children = (
				9825E7B21A81177400DF1E64 /* NewSeat.storyboard */,
				9825E7BB1A81520A00DF1E64 /* NewSeatViewController.swift */,
				98343D771A83CFAF006A4CCA /* VenuesTableViewController.swift */,
			);
			name = "New Seat";
			sourceTree = "<group>";
		};
		9825E7BD1A81543500DF1E64 /* Frameworks */ = {
			isa = PBXGroup;
			children = (
				988FE29B1A81577800AA81F9 /* libsqlite3.dylib */,
				988FE2991A81575D00AA81F9 /* SystemConfiguration.framework */,
				988FE2971A81574800AA81F9 /* MobileCoreServices.framework */,
				988FE2951A81572900AA81F9 /* CFNetwork.framework */,
				988FE2931A81571600AA81F9 /* AudioToolbox.framework */,
				9825E7BE1A81547B00DF1E64 /* Bolts.framework */,
				9825E7BF1A81547B00DF1E64 /* Parse.framework */,
				9825E7C01A81547B00DF1E64 /* ParseCrashReporting.framework */,
				9825E7C11A81547B00DF1E64 /* ParseFacebookUtils.framework */,
				9825E7C21A81547B00DF1E64 /* ParseUI.framework */,
			);
			name = Frameworks;
			path = "Sit Fit";
			sourceTree = "<group>";
		};
		98445FAA1A85060B00B4146B /* IBViews */ = {
			isa = PBXGroup;
			children = (
				98445FAB1A85063900B4146B /* ArrowButton.swift */,
			);
			name = IBViews;
			sourceTree = "<group>";
		};
		988FE29D1A815B1600AA81F9 /* Models */ = {
			isa = PBXGroup;
			children = (
				988FE29E1A815B7700AA81F9 /* FeedData.swift */,
				98343D741A83CF3D006A4CCA /* FourSquareRequest.swift */,
			);
			name = Models;
			sourceTree = "<group>";
		};
/* End PBXGroup section */

/* Begin PBXNativeTarget section */
		9825E78A1A810FB100DF1E64 /* Sit Fit */ = {
			isa = PBXNativeTarget;
			buildConfigurationList = 9825E7AA1A810FB100DF1E64 /* Build configuration list for PBXNativeTarget "Sit Fit" */;
			buildPhases = (
				9825E7871A810FB100DF1E64 /* Sources */,
				9825E7881A810FB100DF1E64 /* Frameworks */,
				9825E7891A810FB100DF1E64 /* Resources */,
			);
			buildRules = (
			);
			dependencies = (
			);
			name = "Sit Fit";
			productName = "Sit Fit";
			productReference = 9825E78B1A810FB100DF1E64 /* Sit Fit.app */;
			productType = "com.apple.product-type.application";
		};
		9825E79F1A810FB100DF1E64 /* Sit FitTests */ = {
			isa = PBXNativeTarget;
			buildConfigurationList = 9825E7AD1A810FB100DF1E64 /* Build configuration list for PBXNativeTarget "Sit FitTests" */;
			buildPhases = (
				9825E79C1A810FB100DF1E64 /* Sources */,
				9825E79D1A810FB100DF1E64 /* Frameworks */,
				9825E79E1A810FB100DF1E64 /* Resources */,
			);
			buildRules = (
			);
			dependencies = (
				9825E7A21A810FB100DF1E64 /* PBXTargetDependency */,
			);
			name = "Sit FitTests";
			productName = "Sit FitTests";
			productReference = 9825E7A01A810FB100DF1E64 /* Sit FitTests.xctest */;
			productType = "com.apple.product-type.bundle.unit-test";
		};
/* End PBXNativeTarget section */

/* Begin PBXProject section */
		9825E7831A810FB100DF1E64 /* Project object */ = {
			isa = PBXProject;
			attributes = {
				LastUpgradeCheck = 0610;
				ORGANIZATIONNAME = "Nick Cowart";
				TargetAttributes = {
					9825E78A1A810FB100DF1E64 = {
						CreatedOnToolsVersion = 6.1.1;
					};
					9825E79F1A810FB100DF1E64 = {
						CreatedOnToolsVersion = 6.1.1;
						TestTargetID = 9825E78A1A810FB100DF1E64;
					};
				};
			};
			buildConfigurationList = 9825E7861A810FB100DF1E64 /* Build configuration list for PBXProject "Sit Fit" */;
			compatibilityVersion = "Xcode 3.2";
			developmentRegion = English;
			hasScannedForEncodings = 0;
			knownRegions = (
				en,
				Base,
			);
			mainGroup = 9825E7821A810FB100DF1E64;
			productRefGroup = 9825E78C1A810FB100DF1E64 /* Products */;
			projectDirPath = "";
			projectRoot = "";
			targets = (
				9825E78A1A810FB100DF1E64 /* Sit Fit */,
				9825E79F1A810FB100DF1E64 /* Sit FitTests */,
			);
		};
/* End PBXProject section */

/* Begin PBXResourcesBuildPhase section */
		9825E7891A810FB100DF1E64 /* Resources */ = {
			isa = PBXResourcesBuildPhase;
			buildActionMask = 2147483647;
			files = (
				9825E7B41A81177400DF1E64 /* NewSeat.storyboard in Resources */,
				9825E7961A810FB100DF1E64 /* Main.storyboard in Resources */,
				9825E79B1A810FB100DF1E64 /* LaunchScreen.xib in Resources */,
				9825E7981A810FB100DF1E64 /* Images.xcassets in Resources */,
			);
			runOnlyForDeploymentPostprocessing = 0;
		};
		9825E79E1A810FB100DF1E64 /* Resources */ = {
			isa = PBXResourcesBuildPhase;
			buildActionMask = 2147483647;
			files = (
			);
			runOnlyForDeploymentPostprocessing = 0;
		};
/* End PBXResourcesBuildPhase section */

/* Begin PBXSourcesBuildPhase section */
		9825E7871A810FB100DF1E64 /* Sources */ = {
			isa = PBXSourcesBuildPhase;
			buildActionMask = 2147483647;
			files = (
				98343D751A83CF3D006A4CCA /* FourSquareRequest.swift in Sources */,
				98343D721A83B410006A4CCA /* FeedCell.swift in Sources */,
				9825E7931A810FB100DF1E64 /* LoginViewController.swift in Sources */,
				98445FA81A83FB1400B4146B /* MapViewController.swift in Sources */,
				9825E7BA1A81315000DF1E64 /* MyFeedTableViewController.swift in Sources */,
				98445FAC1A85063900B4146B /* ArrowButton.swift in Sources */,
				9825E7911A810FB100DF1E64 /* AppDelegate.swift in Sources */,
				988FE29F1A815B7700AA81F9 /* FeedData.swift in Sources */,
				98445FAE1A85169600B4146B /* SeatDetailViewController.swift in Sources */,
				9825E7BC1A81520A00DF1E64 /* NewSeatViewController.swift in Sources */,
				9825E7B81A81310300DF1E64 /* FeedTableViewController.swift in Sources */,
				98343D781A83CFAF006A4CCA /* VenuesTableViewController.swift in Sources */,
			);
			runOnlyForDeploymentPostprocessing = 0;
		};
		9825E79C1A810FB100DF1E64 /* Sources */ = {
			isa = PBXSourcesBuildPhase;
			buildActionMask = 2147483647;
			files = (
				9825E7A71A810FB100DF1E64 /* Sit_FitTests.swift in Sources */,
			);
			runOnlyForDeploymentPostprocessing = 0;
		};
/* End PBXSourcesBuildPhase section */

/* Begin PBXTargetDependency section */
		9825E7A21A810FB100DF1E64 /* PBXTargetDependency */ = {
			isa = PBXTargetDependency;
			target = 9825E78A1A810FB100DF1E64 /* Sit Fit */;
			targetProxy = 9825E7A11A810FB100DF1E64 /* PBXContainerItemProxy */;
		};
/* End PBXTargetDependency section */

/* Begin PBXVariantGroup section */
		9825E7941A810FB100DF1E64 /* Main.storyboard */ = {
			isa = PBXVariantGroup;
			children = (
				9825E7951A810FB100DF1E64 /* Base */,
			);
			name = Main.storyboard;
			sourceTree = "<group>";
		};
		9825E7991A810FB100DF1E64 /* LaunchScreen.xib */ = {
			isa = PBXVariantGroup;
			children = (
				9825E79A1A810FB100DF1E64 /* Base */,
			);
			name = LaunchScreen.xib;
			sourceTree = "<group>";
		};
		9825E7B21A81177400DF1E64 /* NewSeat.storyboard */ = {
			isa = PBXVariantGroup;
			children = (
				9825E7B31A81177400DF1E64 /* Base */,
			);
			name = NewSeat.storyboard;
			sourceTree = "<group>";
		};
/* End PBXVariantGroup section */

/* Begin XCBuildConfiguration section */
		9825E7A81A810FB100DF1E64 /* Debug */ = {
			isa = XCBuildConfiguration;
			buildSettings = {
				ALWAYS_SEARCH_USER_PATHS = NO;
				CLANG_CXX_LANGUAGE_STANDARD = "gnu++0x";
				CLANG_CXX_LIBRARY = "libc++";
				CLANG_ENABLE_MODULES = YES;
				CLANG_ENABLE_OBJC_ARC = YES;
				CLANG_WARN_BOOL_CONVERSION = YES;
				CLANG_WARN_CONSTANT_CONVERSION = YES;
				CLANG_WARN_DIRECT_OBJC_ISA_USAGE = YES_ERROR;
				CLANG_WARN_EMPTY_BODY = YES;
				CLANG_WARN_ENUM_CONVERSION = YES;
				CLANG_WARN_INT_CONVERSION = YES;
				CLANG_WARN_OBJC_ROOT_CLASS = YES_ERROR;
				CLANG_WARN_UNREACHABLE_CODE = YES;
				CLANG_WARN__DUPLICATE_METHOD_MATCH = YES;
				"CODE_SIGN_IDENTITY[sdk=iphoneos*]" = "iPhone Developer";
				COPY_PHASE_STRIP = NO;
				ENABLE_STRICT_OBJC_MSGSEND = YES;
				GCC_C_LANGUAGE_STANDARD = gnu99;
				GCC_DYNAMIC_NO_PIC = NO;
				GCC_OPTIMIZATION_LEVEL = 0;
				GCC_PREPROCESSOR_DEFINITIONS = (
					"DEBUG=1",
					"$(inherited)",
				);
				GCC_SYMBOLS_PRIVATE_EXTERN = NO;
				GCC_WARN_64_TO_32_BIT_CONVERSION = YES;
				GCC_WARN_ABOUT_RETURN_TYPE = YES_ERROR;
				GCC_WARN_UNDECLARED_SELECTOR = YES;
				GCC_WARN_UNINITIALIZED_AUTOS = YES_AGGRESSIVE;
				GCC_WARN_UNUSED_FUNCTION = YES;
				GCC_WARN_UNUSED_VARIABLE = YES;
				IPHONEOS_DEPLOYMENT_TARGET = 8.1;
				MTL_ENABLE_DEBUG_INFO = YES;
				ONLY_ACTIVE_ARCH = YES;
				SDKROOT = iphoneos;
				SWIFT_OPTIMIZATION_LEVEL = "-Onone";
			};
			name = Debug;
		};
		9825E7A91A810FB100DF1E64 /* Release */ = {
			isa = XCBuildConfiguration;
			buildSettings = {
				ALWAYS_SEARCH_USER_PATHS = NO;
				CLANG_CXX_LANGUAGE_STANDARD = "gnu++0x";
				CLANG_CXX_LIBRARY = "libc++";
				CLANG_ENABLE_MODULES = YES;
				CLANG_ENABLE_OBJC_ARC = YES;
				CLANG_WARN_BOOL_CONVERSION = YES;
				CLANG_WARN_CONSTANT_CONVERSION = YES;
				CLANG_WARN_DIRECT_OBJC_ISA_USAGE = YES_ERROR;
				CLANG_WARN_EMPTY_BODY = YES;
				CLANG_WARN_ENUM_CONVERSION = YES;
				CLANG_WARN_INT_CONVERSION = YES;
				CLANG_WARN_OBJC_ROOT_CLASS = YES_ERROR;
				CLANG_WARN_UNREACHABLE_CODE = YES;
				CLANG_WARN__DUPLICATE_METHOD_MATCH = YES;
				"CODE_SIGN_IDENTITY[sdk=iphoneos*]" = "iPhone Developer";
				COPY_PHASE_STRIP = YES;
				ENABLE_NS_ASSERTIONS = NO;
				ENABLE_STRICT_OBJC_MSGSEND = YES;
				GCC_C_LANGUAGE_STANDARD = gnu99;
				GCC_WARN_64_TO_32_BIT_CONVERSION = YES;
				GCC_WARN_ABOUT_RETURN_TYPE = YES_ERROR;
				GCC_WARN_UNDECLARED_SELECTOR = YES;
				GCC_WARN_UNINITIALIZED_AUTOS = YES_AGGRESSIVE;
				GCC_WARN_UNUSED_FUNCTION = YES;
				GCC_WARN_UNUSED_VARIABLE = YES;
				IPHONEOS_DEPLOYMENT_TARGET = 8.1;
				MTL_ENABLE_DEBUG_INFO = NO;
				SDKROOT = iphoneos;
				VALIDATE_PRODUCT = YES;
			};
			name = Release;
		};
		9825E7AB1A810FB100DF1E64 /* Debug */ = {
			isa = XCBuildConfiguration;
			buildSettings = {
				ASSETCATALOG_COMPILER_APPICON_NAME = AppIcon;
				CLANG_ENABLE_MODULES = YES;
				FRAMEWORK_SEARCH_PATHS = (
					"$(inherited)",
					"$(PROJECT_DIR)/Sit",
					Fit,
					"$(PROJECT_DIR)/Sit",
					Fit,
					"$(PROJECT_DIR)/Sit",
					Fit,
					"$(PROJECT_DIR)/Sit",
					Fit,
					"$(PROJECT_DIR)/Sit",
					Fit,
					"$(PROJECT_DIR)/Sit",
					Fit,
					"$(PROJECT_DIR)/Sit",
					Fit,
					"$(PROJECT_DIR)/Sit",
					Fit,
					"$(PROJECT_DIR)/Sit",
					Fit,
					"$(PROJECT_DIR)/Sit",
					Fit,
					"$(PROJECT_DIR)/Sit",
					Fit,
					"$(PROJECT_DIR)/Sit",
					Fit,
				);
				INFOPLIST_FILE = "Sit Fit/Info.plist";
				LD_RUNPATH_SEARCH_PATHS = "$(inherited) @executable_path/Frameworks";
				PRODUCT_NAME = "$(TARGET_NAME)";
				SWIFT_OBJC_BRIDGING_HEADER = "Sit Fit/Sit Fit-Bridging-Header.h";
				SWIFT_OPTIMIZATION_LEVEL = "-Onone";
			};
			name = Debug;
		};
		9825E7AC1A810FB100DF1E64 /* Release */ = {
			isa = XCBuildConfiguration;
			buildSettings = {
				ASSETCATALOG_COMPILER_APPICON_NAME = AppIcon;
				CLANG_ENABLE_MODULES = YES;
				FRAMEWORK_SEARCH_PATHS = (
					"$(inherited)",
					"$(PROJECT_DIR)/Sit",
					Fit,
					"$(PROJECT_DIR)/Sit",
					Fit,
					"$(PROJECT_DIR)/Sit",
					Fit,
					"$(PROJECT_DIR)/Sit",
					Fit,
					"$(PROJECT_DIR)/Sit",
					Fit,
					"$(PROJECT_DIR)/Sit",
					Fit,
					"$(PROJECT_DIR)/Sit",
					Fit,
					"$(PROJECT_DIR)/Sit",
					Fit,
					"$(PROJECT_DIR)/Sit",
					Fit,
					"$(PROJECT_DIR)/Sit",
					Fit,
					"$(PROJECT_DIR)/Sit",
					Fit,
					"$(PROJECT_DIR)/Sit",
					Fit,
				);
				INFOPLIST_FILE = "Sit Fit/Info.plist";
				LD_RUNPATH_SEARCH_PATHS = "$(inherited) @executable_path/Frameworks";
				PRODUCT_NAME = "$(TARGET_NAME)";
				SWIFT_OBJC_BRIDGING_HEADER = "Sit Fit/Sit Fit-Bridging-Header.h";
			};
			name = Release;
		};
		9825E7AE1A810FB100DF1E64 /* Debug */ = {
			isa = XCBuildConfiguration;
			buildSettings = {
				BUNDLE_LOADER = "$(TEST_HOST)";
				FRAMEWORK_SEARCH_PATHS = (
					"$(SDKROOT)/Developer/Library/Frameworks",
					"$(inherited)",
				);
				GCC_PREPROCESSOR_DEFINITIONS = (
					"DEBUG=1",
					"$(inherited)",
				);
				INFOPLIST_FILE = "Sit FitTests/Info.plist";
				LD_RUNPATH_SEARCH_PATHS = "$(inherited) @executable_path/Frameworks @loader_path/Frameworks";
				PRODUCT_NAME = "$(TARGET_NAME)";
				TEST_HOST = "$(BUILT_PRODUCTS_DIR)/Sit Fit.app/Sit Fit";
			};
			name = Debug;
		};
		9825E7AF1A810FB100DF1E64 /* Release */ = {
			isa = XCBuildConfiguration;
			buildSettings = {
				BUNDLE_LOADER = "$(TEST_HOST)";
				FRAMEWORK_SEARCH_PATHS = (
					"$(SDKROOT)/Developer/Library/Frameworks",
					"$(inherited)",
				);
				INFOPLIST_FILE = "Sit FitTests/Info.plist";
				LD_RUNPATH_SEARCH_PATHS = "$(inherited) @executable_path/Frameworks @loader_path/Frameworks";
				PRODUCT_NAME = "$(TARGET_NAME)";
				TEST_HOST = "$(BUILT_PRODUCTS_DIR)/Sit Fit.app/Sit Fit";
			};
			name = Release;
		};
/* End XCBuildConfiguration section */

/* Begin XCConfigurationList section */
		9825E7861A810FB100DF1E64 /* Build configuration list for PBXProject "Sit Fit" */ = {
			isa = XCConfigurationList;
			buildConfigurations = (
				9825E7A81A810FB100DF1E64 /* Debug */,
				9825E7A91A810FB100DF1E64 /* Release */,
			);
			defaultConfigurationIsVisible = 0;
			defaultConfigurationName = Release;
		};
		9825E7AA1A810FB100DF1E64 /* Build configuration list for PBXNativeTarget "Sit Fit" */ = {
			isa = XCConfigurationList;
			buildConfigurations = (
				9825E7AB1A810FB100DF1E64 /* Debug */,
				9825E7AC1A810FB100DF1E64 /* Release */,
			);
			defaultConfigurationIsVisible = 0;
			defaultConfigurationName = Release;
		};
		9825E7AD1A810FB100DF1E64 /* Build configuration list for PBXNativeTarget "Sit FitTests" */ = {
			isa = XCConfigurationList;
			buildConfigurations = (
				9825E7AE1A810FB100DF1E64 /* Debug */,
				9825E7AF1A810FB100DF1E64 /* Release */,
			);
			defaultConfigurationIsVisible = 0;
			defaultConfigurationName = Release;
		};
/* End XCConfigurationList section */
	};
	rootObject = 9825E7831A810FB100DF1E64 /* Project object */;
}
